
Microsoft Visual Studio Solution File, Format Version 12.00
# Visual Studio 15
VisualStudioVersion = 15.0.28010.2016
MinimumVisualStudioVersion = 10.0.40219.1
Project("{9A19103F-16F7-4668-BE54-9A1E7A4F7556}") = "MySimpleWS", "SimpleWS\MySimpleWS.csproj", "{E9983776-9488-4EDC-ACC0-E1B89877B7A9}"
EndProject
Global
	GlobalSection(SolutionConfigurationPlatforms) = preSolution
		Debug|Any CPU = Debug|Any CPU
		Release|Any CPU = Release|Any CPU
	EndGlobalSection
	GlobalSection(ProjectConfigurationPlatforms) = postSolution
		{E9983776-9488-4EDC-ACC0-E1B89877B7A9}.Debug|Any CPU.ActiveCfg = Debug|Any CPU
		{E9983776-9488-4EDC-ACC0-E1B89877B7A9}.Debug|Any CPU.Build.0 = Debug|Any CPU
		{E9983776-9488-4EDC-ACC0-E1B89877B7A9}.Release|Any CPU.ActiveCfg = Release|Any CPU
		{E9983776-9488-4EDC-ACC0-E1B89877B7A9}.Release|Any CPU.Build.0 = Release|Any CPU
	EndGlobalSection
	GlobalSection(SolutionProperties) = preSolution
		HideSolutionNode = FALSE
	EndGlobalSection
	GlobalSection(ExtensibilityGlobals) = postSolution
		SolutionGuid = {F8DDE9D3-14E4-4E9B-83B0-E4D784A7D8B4}
	EndGlobalSection
EndGlobal
